// !$*UTF8*$!
{
	archiveVersion = 1;
	classes = {
	};
	objectVersion = 46;
	objects = {

/* Begin PBXBuildFile section */
		9778811F16B06C2600DB96CF /* UIKit.framework in Frameworks */ = {isa = PBXBuildFile; fileRef = 9778811E16B06C2600DB96CF /* UIKit.framework */; };
		9778812116B06C2600DB96CF /* Foundation.framework in Frameworks */ = {isa = PBXBuildFile; fileRef = 9778812016B06C2600DB96CF /* Foundation.framework */; };
		9778812316B06C2600DB96CF /* CoreGraphics.framework in Frameworks */ = {isa = PBXBuildFile; fileRef = 9778812216B06C2600DB96CF /* CoreGraphics.framework */; };
		9778812916B06C2600DB96CF /* InfoPlist.strings in Resources */ = {isa = PBXBuildFile; fileRef = 9778812716B06C2600DB96CF /* InfoPlist.strings */; };
		9778812B16B06C2600DB96CF /* main.m in Sources */ = {isa = PBXBuildFile; fileRef = 9778812A16B06C2600DB96CF /* main.m */; };
		9778812F16B06C2600DB96CF /* StoryboardAppDelegate.m in Sources */ = {isa = PBXBuildFile; fileRef = 9778812E16B06C2600DB96CF /* StoryboardAppDelegate.m */; };
		9778813116B06C2600DB96CF /* Default.png in Resources */ = {isa = PBXBuildFile; fileRef = 9778813016B06C2600DB96CF /* Default.png */; };
		9778813316B06C2600DB96CF /* Default@2x.png in Resources */ = {isa = PBXBuildFile; fileRef = 9778813216B06C2600DB96CF /* Default@2x.png */; };
		9778813516B06C2600DB96CF /* Default-568h@2x.png in Resources */ = {isa = PBXBuildFile; fileRef = 9778813416B06C2600DB96CF /* Default-568h@2x.png */; };
		9778813816B06C2600DB96CF /* MainStoryboard.storyboard in Resources */ = {isa = PBXBuildFile; fileRef = 9778813616B06C2600DB96CF /* MainStoryboard.storyboard */; };
		9778813B16B06C2600DB96CF /* StoryboardViewController.m in Sources */ = {isa = PBXBuildFile; fileRef = 9778813A16B06C2600DB96CF /* StoryboardViewController.m */; };
/* End PBXBuildFile section */

/* Begin PBXFileReference section */
		9778811A16B06C2600DB96CF /* Storyboard.app */ = {isa = PBXFileReference; explicitFileType = wrapper.application; includeInIndex = 0; path = Storyboard.app; sourceTree = BUILT_PRODUCTS_DIR; };
		9778811E16B06C2600DB96CF /* UIKit.framework */ = {isa = PBXFileReference; lastKnownFileType = wrapper.framework; name = UIKit.framework; path = System/Library/Frameworks/UIKit.framework; sourceTree = SDKROOT; };
		9778812016B06C2600DB96CF /* Foundation.framework */ = {isa = PBXFileReference; lastKnownFileType = wrapper.framework; name = Foundation.framework; path = System/Library/Frameworks/Foundation.framework; sourceTree = SDKROOT; };
		9778812216B06C2600DB96CF /* CoreGraphics.framework */ = {isa = PBXFileReference; lastKnownFileType = wrapper.framework; name = CoreGraphics.framework; path = System/Library/Frameworks/CoreGraphics.framework; sourceTree = SDKROOT; };
		9778812616B06C2600DB96CF /* Storyboard-Info.plist */ = {isa = PBXFileReference; lastKnownFileType = text.plist.xml; path = "Storyboard-Info.plist"; sourceTree = "<group>"; };
		9778812816B06C2600DB96CF /* en */ = {isa = PBXFileReference; lastKnownFileType = text.plist.strings; name = en; path = en.lproj/InfoPlist.strings; sourceTree = "<group>"; };
		9778812A16B06C2600DB96CF /* main.m */ = {isa = PBXFileReference; lastKnownFileType = sourcecode.c.objc; path = main.m; sourceTree = "<group>"; };
		9778812C16B06C2600DB96CF /* Storyboard-Prefix.pch */ = {isa = PBXFileReference; lastKnownFileType = sourcecode.c.h; path = "Storyboard-Prefix.pch"; sourceTree = "<group>"; };
		9778812D16B06C2600DB96CF /* StoryboardAppDelegate.h */ = {isa = PBXFileReference; lastKnownFileType = sourcecode.c.h; path = StoryboardAppDelegate.h; sourceTree = "<group>"; };
		9778812E16B06C2600DB96CF /* StoryboardAppDelegate.m */ = {isa = PBXFileReference; lastKnownFileType = sourcecode.c.objc; path = StoryboardAppDelegate.m; sourceTree = "<group>"; };
		9778813016B06C2600DB96CF /* Default.png */ = {isa = PBXFileReference; lastKnownFileType = image.png; path = Default.png; sourceTree = "<group>"; };
		9778813216B06C2600DB96CF /* Default@2x.png */ = {isa = PBXFileReference; lastKnownFileType = image.png; path = "Default@2x.png"; sourceTree = "<group>"; };
		9778813416B06C2600DB96CF /* Default-568h@2x.png */ = {isa = PBXFileReference; lastKnownFileType = image.png; path = "Default-568h@2x.png"; sourceTree = "<group>"; };
		9778813716B06C2600DB96CF /* en */ = {isa = PBXFileReference; lastKnownFileType = file.storyboard; name = en; path = en.lproj/MainStoryboard.storyboard; sourceTree = "<group>"; };
		9778813916B06C2600DB96CF /* StoryboardViewController.h */ = {isa = PBXFileReference; lastKnownFileType = sourcecode.c.h; path = StoryboardViewController.h; sourceTree = "<group>"; };
		9778813A16B06C2600DB96CF /* StoryboardViewController.m */ = {isa = PBXFileReference; lastKnownFileType = sourcecode.c.objc; path = StoryboardViewController.m; sourceTree = "<group>"; };
/* End PBXFileReference section */

/* Begin PBXFrameworksBuildPhase section */
		9778811716B06C2600DB96CF /* Frameworks */ = {
			isa = PBXFrameworksBuildPhase;
			buildActionMask = 2147483647;
			files = (
				9778811F16B06C2600DB96CF /* UIKit.framework in Frameworks */,
				9778812116B06C2600DB96CF /* Foundation.framework in Frameworks */,
				9778812316B06C2600DB96CF /* CoreGraphics.framework in Frameworks */,
			);
			runOnlyForDeploymentPostprocessing = 0;
		};
/* End PBXFrameworksBuildPhase section */

/* Begin PBXGroup section */
		9778810F16B06C2600DB96CF = {
			isa = PBXGroup;
			children = (
				9778812416B06C2600DB96CF /* Storyboard */,
				9778811D16B06C2600DB96CF /* Frameworks */,
				9778811B16B06C2600DB96CF /* Products */,
			);
			sourceTree = "<group>";
		};
		9778811B16B06C2600DB96CF /* Products */ = {
			isa = PBXGroup;
			children = (
				9778811A16B06C2600DB96CF /* Storyboard.app */,
			);
			name = Products;
			sourceTree = "<group>";
		};
		9778811D16B06C2600DB96CF /* Frameworks */ = {
			isa = PBXGroup;
			children = (
				9778811E16B06C2600DB96CF /* UIKit.framework */,
				9778812016B06C2600DB96CF /* Foundation.framework */,
				9778812216B06C2600DB96CF /* CoreGraphics.framework */,
			);
			name = Frameworks;
			sourceTree = "<group>";
		};
		9778812416B06C2600DB96CF /* Storyboard */ = {
			isa = PBXGroup;
			children = (
				9778812D16B06C2600DB96CF /* StoryboardAppDelegate.h */,
				9778812E16B06C2600DB96CF /* StoryboardAppDelegate.m */,
				9778813616B06C2600DB96CF /* MainStoryboard.storyboard */,
				9778813916B06C2600DB96CF /* StoryboardViewController.h */,
				9778813A16B06C2600DB96CF /* StoryboardViewController.m */,
				9778812516B06C2600DB96CF /* Supporting Files */,
			);
			path = Storyboard;
			sourceTree = "<group>";
		};
		9778812516B06C2600DB96CF /* Supporting Files */ = {
			isa = PBXGroup;
			children = (
				9778812616B06C2600DB96CF /* Storyboard-Info.plist */,
				9778812716B06C2600DB96CF /* InfoPlist.strings */,
				9778812A16B06C2600DB96CF /* main.m */,
				9778812C16B06C2600DB96CF /* Storyboard-Prefix.pch */,
				9778813016B06C2600DB96CF /* Default.png */,
				9778813216B06C2600DB96CF /* Default@2x.png */,
				9778813416B06C2600DB96CF /* Default-568h@2x.png */,
			);
			name = "Supporting Files";
			sourceTree = "<group>";
		};
/* End PBXGroup section */

/* Begin PBXNativeTarget section */
		9778811916B06C2600DB96CF /* Storyboard */ = {
			isa = PBXNativeTarget;
			buildConfigurationList = 9778813E16B06C2600DB96CF /* Build configuration list for PBXNativeTarget "Storyboard" */;
			buildPhases = (
				9778811616B06C2600DB96CF /* Sources */,
				9778811716B06C2600DB96CF /* Frameworks */,
				9778811816B06C2600DB96CF /* Resources */,
			);
			buildRules = (
			);
			dependencies = (
			);
			name = Storyboard;
			productName = Storyboard;
			productReference = 9778811A16B06C2600DB96CF /* Storyboard.app */;
			productType = "com.apple.product-type.application";
		};
/* End PBXNativeTarget section */

/* Begin PBXProject section */
		9778811116B06C2600DB96CF /* Project object */ = {
			isa = PBXProject;
			attributes = {
				CLASSPREFIX = Storyboard;
				LastUpgradeCheck = 0450;
				ORGANIZATIONNAME = "Jordan Carney";
			};
			buildConfigurationList = 9778811416B06C2600DB96CF /* Build configuration list for PBXProject "Storyboard" */;
			compatibilityVersion = "Xcode 3.2";
			developmentRegion = English;
			hasScannedForEncodings = 0;
			knownRegions = (
				en,
			);
			mainGroup = 9778810F16B06C2600DB96CF;
			productRefGroup = 9778811B16B06C2600DB96CF /* Products */;
			projectDirPath = "";
			projectRoot = "";
			targets = (
				9778811916B06C2600DB96CF /* Storyboard */,
			);
		};
/* End PBXProject section */

/* Begin PBXResourcesBuildPhase section */
		9778811816B06C2600DB96CF /* Resources */ = {
			isa = PBXResourcesBuildPhase;
			buildActionMask = 2147483647;
			files = (
				9778812916B06C2600DB96CF /* InfoPlist.strings in Resources */,
				9778813116B06C2600DB96CF /* Default.png in Resources */,
				9778813316B06C2600DB96CF /* Default@2x.png in Resources */,
				9778813516B06C2600DB96CF /* Default-568h@2x.png in Resources */,
				9778813816B06C2600DB96CF /* MainStoryboard.storyboard in Resources */,
			);
			runOnlyForDeploymentPostprocessing = 0;
		};
/* End PBXResourcesBuildPhase section */

/* Begin PBXSourcesBuildPhase section */
		9778811616B06C2600DB96CF /* Sources */ = {
			isa = PBXSourcesBuildPhase;
			buildActionMask = 2147483647;
			files = (
				9778812B16B06C2600DB96CF /* main.m in Sources */,
				9778812F16B06C2600DB96CF /* StoryboardAppDelegate.m in Sources */,
				9778813B16B06C2600DB96CF /* StoryboardViewController.m in Sources */,
			);
			runOnlyForDeploymentPostprocessing = 0;
		};
/* End PBXSourcesBuildPhase section */

/* Begin PBXVariantGroup section */
		9778812716B06C2600DB96CF /* InfoPlist.strings */ = {
			isa = PBXVariantGroup;
			children = (
				9778812816B06C2600DB96CF /* en */,
			);
			name = InfoPlist.strings;
			sourceTree = "<group>";
		};
		9778813616B06C2600DB96CF /* MainStoryboard.storyboard */ = {
			isa = PBXVariantGroup;
			children = (
				9778813716B06C2600DB96CF /* en */,
			);
			name = MainStoryboard.storyboard;
			sourceTree = "<group>";
		};
/* End PBXVariantGroup section */

/* Begin XCBuildConfiguration section */
		9778813C16B06C2600DB96CF /* Debug */ = {
			isa = XCBuildConfiguration;
			buildSettings = {
				ALWAYS_SEARCH_USER_PATHS = NO;
				CLANG_CXX_LANGUAGE_STANDARD = "gnu++0x";
				CLANG_CXX_LIBRARY = "libc++";
				CLANG_ENABLE_OBJC_ARC = YES;
				CLANG_WARN_EMPTY_BODY = YES;
				CLANG_WARN__DUPLICATE_METHOD_MATCH = YES;
				"CODE_SIGN_IDENTITY[sdk=iphoneos*]" = "iPhone Developer";
				COPY_PHASE_STRIP = NO;
				GCC_C_LANGUAGE_STANDARD = gnu99;
				GCC_DYNAMIC_NO_PIC = NO;
				GCC_OPTIMIZATION_LEVEL = 0;
				GCC_PREPROCESSOR_DEFINITIONS = (
					"DEBUG=1",
					"$(inherited)",
				);
				GCC_SYMBOLS_PRIVATE_EXTERN = NO;
				GCC_WARN_ABOUT_RETURN_TYPE = YES;
				GCC_WARN_UNINITIALIZED_AUTOS = YES;
				GCC_WARN_UNUSED_VARIABLE = YES;
				IPHONEOS_DEPLOYMENT_TARGET = 6.0;
				ONLY_ACTIVE_ARCH = YES;
				SDKROOT = iphoneos;
			};
			name = Debug;
		};
		9778813D16B06C2600DB96CF /* Release */ = {
			isa = XCBuildConfiguration;
			buildSettings = {
				ALWAYS_SEARCH_USER_PATHS = NO;
				CLANG_CXX_LANGUAGE_STANDARD = "gnu++0x";
				CLANG_CXX_LIBRARY = "libc++";
				CLANG_ENABLE_OBJC_ARC = YES;
				CLANG_WARN_EMPTY_BODY = YES;
				CLANG_WARN__DUPLICATE_METHOD_MATCH = YES;
				"CODE_SIGN_IDENTITY[sdk=iphoneos*]" = "iPhone Developer";
				COPY_PHASE_STRIP = YES;
				GCC_C_LANGUAGE_STANDARD = gnu99;
				GCC_WARN_ABOUT_RETURN_TYPE = YES;
				GCC_WARN_UNINITIALIZED_AUTOS = YES;
				GCC_WARN_UNUSED_VARIABLE = YES;
				IPHONEOS_DEPLOYMENT_TARGET = 6.0;
				OTHER_CFLAGS = "-DNS_BLOCK_ASSERTIONS=1";
				SDKROOT = iphoneos;
				VALIDATE_PRODUCT = YES;
			};
			name = Release;
		};
		9778813F16B06C2600DB96CF /* Debug */ = {
			isa = XCBuildConfiguration;
			buildSettings = {
				GCC_PRECOMPILE_PREFIX_HEADER = YES;
				GCC_PREFIX_HEADER = "Storyboard/Storyboard-Prefix.pch";
				INFOPLIST_FILE = "Storyboard/Storyboard-Info.plist";
				PRODUCT_NAME = "$(TARGET_NAME)";
				WRAPPER_EXTENSION = app;
			};
			name = Debug;
		};
		9778814016B06C2600DB96CF /* Release */ = {
			isa = XCBuildConfiguration;
			buildSettings = {
				GCC_PRECOMPILE_PREFIX_HEADER = YES;
				GCC_PREFIX_HEADER = "Storyboard/Storyboard-Prefix.pch";
				INFOPLIST_FILE = "Storyboard/Storyboard-Info.plist";
				PRODUCT_NAME = "$(TARGET_NAME)";
				WRAPPER_EXTENSION = app;
			};
			name = Release;
		};
/* End XCBuildConfiguration section */

/* Begin XCConfigurationList section */
		9778811416B06C2600DB96CF /* Build configuration list for PBXProject "Storyboard" */ = {
			isa = XCConfigurationList;
			buildConfigurations = (
				9778813C16B06C2600DB96CF /* Debug */,
				9778813D16B06C2600DB96CF /* Release */,
			);
			defaultConfigurationIsVisible = 0;
			defaultConfigurationName = Release;
		};
		9778813E16B06C2600DB96CF /* Build configuration list for PBXNativeTarget "Storyboard" */ = {
			isa = XCConfigurationList;
			buildConfigurations = (
				9778813F16B06C2600DB96CF /* Debug */,
				9778814016B06C2600DB96CF /* Release */,
			);
			defaultConfigurationIsVisible = 0;
		};
/* End XCConfigurationList section */
	};
	rootObject = 9778811116B06C2600DB96CF /* Project object */;
}
