// !$*UTF8*$!
{
	archiveVersion = 1;
	classes = {
	};
	objectVersion = 46;
	objects = {

/* Begin PBXBuildFile section */
		970993D316FA5A9D0026A8A5 /* AboutViewController.m in Sources */ = {isa = PBXBuildFile; fileRef = 970993D116FA5A9D0026A8A5 /* AboutViewController.m */; };
		970993D416FA5A9D0026A8A5 /* AboutViewController.xib in Resources */ = {isa = PBXBuildFile; fileRef = 970993D216FA5A9D0026A8A5 /* AboutViewController.xib */; };
		970B2EAA16A5FCD100607337 /* UIKit.framework in Frameworks */ = {isa = PBXBuildFile; fileRef = 970B2EA916A5FCD100607337 /* UIKit.framework */; };
		970B2EAC16A5FCD100607337 /* Foundation.framework in Frameworks */ = {isa = PBXBuildFile; fileRef = 970B2EAB16A5FCD100607337 /* Foundation.framework */; };
		970B2EAE16A5FCD100607337 /* CoreGraphics.framework in Frameworks */ = {isa = PBXBuildFile; fileRef = 970B2EAD16A5FCD100607337 /* CoreGraphics.framework */; };
		970B2EB416A5FCD100607337 /* InfoPlist.strings in Resources */ = {isa = PBXBuildFile; fileRef = 970B2EB216A5FCD100607337 /* InfoPlist.strings */; };
		970B2EB616A5FCD100607337 /* main.m in Sources */ = {isa = PBXBuildFile; fileRef = 970B2EB516A5FCD100607337 /* main.m */; };
		970B2EBA16A5FCD100607337 /* MainAppDelegate.m in Sources */ = {isa = PBXBuildFile; fileRef = 970B2EB916A5FCD100607337 /* MainAppDelegate.m */; };
		970B2EBC16A5FCD100607337 /* Default.png in Resources */ = {isa = PBXBuildFile; fileRef = 970B2EBB16A5FCD100607337 /* Default.png */; };
		970B2EBE16A5FCD100607337 /* Default@2x.png in Resources */ = {isa = PBXBuildFile; fileRef = 970B2EBD16A5FCD100607337 /* Default@2x.png */; };
		970B2EC016A5FCD100607337 /* Default-568h@2x.png in Resources */ = {isa = PBXBuildFile; fileRef = 970B2EBF16A5FCD100607337 /* Default-568h@2x.png */; };
		97209C5716FA6C3E003292C4 /* AdvisoryModalPanel.m in Sources */ = {isa = PBXBuildFile; fileRef = 97209C5616FA6C3E003292C4 /* AdvisoryModalPanel.m */; };
		97209C5C16FA6C8F003292C4 /* UAModalPanel.m in Sources */ = {isa = PBXBuildFile; fileRef = 97209C5916FA6C8F003292C4 /* UAModalPanel.m */; settings = {COMPILER_FLAGS = "-fno-objc-arc"; }; };
		97209C5D16FA6C8F003292C4 /* UATitledModalPanel.m in Sources */ = {isa = PBXBuildFile; fileRef = 97209C5B16FA6C8F003292C4 /* UATitledModalPanel.m */; settings = {COMPILER_FLAGS = "-fno-objc-arc"; }; };
		97209C6416FA6CA0003292C4 /* close.png in Resources */ = {isa = PBXBuildFile; fileRef = 97209C5E16FA6CA0003292C4 /* close.png */; };
		97209C6516FA6CA0003292C4 /* close@2x.png in Resources */ = {isa = PBXBuildFile; fileRef = 97209C5F16FA6CA0003292C4 /* close@2x.png */; };
		97209C6616FA6CA0003292C4 /* modalButton.png in Resources */ = {isa = PBXBuildFile; fileRef = 97209C6016FA6CA0003292C4 /* modalButton.png */; };
		97209C6716FA6CA0003292C4 /* modalButton@2x.png in Resources */ = {isa = PBXBuildFile; fileRef = 97209C6116FA6CA0003292C4 /* modalButton@2x.png */; };
		97209C6816FA6CA0003292C4 /* modalButton-selected.png in Resources */ = {isa = PBXBuildFile; fileRef = 97209C6216FA6CA0003292C4 /* modalButton-selected.png */; };
		97209C6916FA6CA0003292C4 /* modalButton-selected@2x.png in Resources */ = {isa = PBXBuildFile; fileRef = 97209C6316FA6CA0003292C4 /* modalButton-selected@2x.png */; };
		97209C6C16FA6CB3003292C4 /* UIView+JMNoise.m in Sources */ = {isa = PBXBuildFile; fileRef = 97209C6B16FA6CB3003292C4 /* UIView+JMNoise.m */; settings = {COMPILER_FLAGS = "-fno-objc-arc"; }; };
		97209C7316FA6CC6003292C4 /* UAGradientBackground.m in Sources */ = {isa = PBXBuildFile; fileRef = 97209C6E16FA6CC5003292C4 /* UAGradientBackground.m */; settings = {COMPILER_FLAGS = "-fno-objc-arc"; }; };
		97209C7416FA6CC6003292C4 /* UANoisyGradientBackground.m in Sources */ = {isa = PBXBuildFile; fileRef = 97209C7016FA6CC5003292C4 /* UANoisyGradientBackground.m */; settings = {COMPILER_FLAGS = "-fno-objc-arc"; }; };
		97209C7516FA6CC6003292C4 /* UARoundedRectView.m in Sources */ = {isa = PBXBuildFile; fileRef = 97209C7216FA6CC6003292C4 /* UARoundedRectView.m */; settings = {COMPILER_FLAGS = "-fno-objc-arc"; }; };
		972F87AA16D1F2EA0092E80D /* sponsers_icon.png in Resources */ = {isa = PBXBuildFile; fileRef = 972F87A816D1F2EA0092E80D /* sponsers_icon.png */; };
		972F87AB16D1F2EA0092E80D /* sponsers_icon@2x.png in Resources */ = {isa = PBXBuildFile; fileRef = 972F87A916D1F2EA0092E80D /* sponsers_icon@2x.png */; };
		972F87AE16D1F3590092E80D /* contact_icon.png in Resources */ = {isa = PBXBuildFile; fileRef = 972F87AC16D1F3590092E80D /* contact_icon.png */; };
		972F87AF16D1F3590092E80D /* contact_icon@2x.png in Resources */ = {isa = PBXBuildFile; fileRef = 972F87AD16D1F3590092E80D /* contact_icon@2x.png */; };
		972F87B616D1F4C80092E80D /* more_icon.png in Resources */ = {isa = PBXBuildFile; fileRef = 972F87B416D1F4C80092E80D /* more_icon.png */; };
		972F87B716D1F4C80092E80D /* more_icon@2x.png in Resources */ = {isa = PBXBuildFile; fileRef = 972F87B516D1F4C80092E80D /* more_icon@2x.png */; };
		972F87BE16D1FC680092E80D /* iCarousel.m in Sources */ = {isa = PBXBuildFile; fileRef = 972F87BD16D1FC680092E80D /* iCarousel.m */; };
		972F87C416D1FEFD0092E80D /* QuartzCore.framework in Frameworks */ = {isa = PBXBuildFile; fileRef = 972F87C316D1FEFD0092E80D /* QuartzCore.framework */; };
		972F87C616D202060092E80D /* page.png in Resources */ = {isa = PBXBuildFile; fileRef = 972F87C516D202060092E80D /* page.png */; };
		972F87F516D2B5250092E80D /* photos_icon.png in Resources */ = {isa = PBXBuildFile; fileRef = 972F87F316D2B5250092E80D /* photos_icon.png */; };
		972F87F616D2B5250092E80D /* photos_icon@2x.png in Resources */ = {isa = PBXBuildFile; fileRef = 972F87F416D2B5250092E80D /* photos_icon@2x.png */; };
		972F87F916D2B6430092E80D /* website_icon@2x.png in Resources */ = {isa = PBXBuildFile; fileRef = 972F87F716D2B6430092E80D /* website_icon@2x.png */; };
		972F87FA16D2B6430092E80D /* website_icon.png in Resources */ = {isa = PBXBuildFile; fileRef = 972F87F816D2B6430092E80D /* website_icon.png */; };
		972F87FD16D2B6D40092E80D /* volunteer_icon@2x.png in Resources */ = {isa = PBXBuildFile; fileRef = 972F87FB16D2B6D40092E80D /* volunteer_icon@2x.png */; };
		972F87FE16D2B6D40092E80D /* volunteer_icon.png in Resources */ = {isa = PBXBuildFile; fileRef = 972F87FC16D2B6D40092E80D /* volunteer_icon.png */; };
		972F880116D2B7570092E80D /* donate_icon.png in Resources */ = {isa = PBXBuildFile; fileRef = 972F87FF16D2B7570092E80D /* donate_icon.png */; };
		972F880216D2B7570092E80D /* donate_icon@2x.png in Resources */ = {isa = PBXBuildFile; fileRef = 972F880016D2B7570092E80D /* donate_icon@2x.png */; };
		972F880416D2B8910092E80D /* MessageUI.framework in Frameworks */ = {isa = PBXBuildFile; fileRef = 972F880316D2B8910092E80D /* MessageUI.framework */; };
		972F880B16D3103F0092E80D /* twitter_icon.png in Resources */ = {isa = PBXBuildFile; fileRef = 972F880916D3103F0092E80D /* twitter_icon.png */; };
		972F880C16D3103F0092E80D /* twitter_icon@2x.png in Resources */ = {isa = PBXBuildFile; fileRef = 972F880A16D3103F0092E80D /* twitter_icon@2x.png */; };
		972F880F16D315580092E80D /* facebook_icon@2x.png in Resources */ = {isa = PBXBuildFile; fileRef = 972F880D16D315580092E80D /* facebook_icon@2x.png */; };
		972F881016D315580092E80D /* facebook_icon.png in Resources */ = {isa = PBXBuildFile; fileRef = 972F880E16D315580092E80D /* facebook_icon.png */; };
		972F882416D31E050092E80D /* VenuesViewController.m in Sources */ = {isa = PBXBuildFile; fileRef = 972F882216D31E040092E80D /* VenuesViewController.m */; };
		972F882516D31E050092E80D /* VenuesViewController.xib in Resources */ = {isa = PBXBuildFile; fileRef = 972F882316D31E040092E80D /* VenuesViewController.xib */; };
		974C26B116F9497D006F06FD /* background@2x.png in Resources */ = {isa = PBXBuildFile; fileRef = 974C26AF16F9497D006F06FD /* background@2x.png */; };
		974C26B216F9497D006F06FD /* background.png in Resources */ = {isa = PBXBuildFile; fileRef = 974C26B016F9497D006F06FD /* background.png */; };
		974C26B616F94BB1006F06FD /* HomeViewController.m in Sources */ = {isa = PBXBuildFile; fileRef = 974C26B416F94BB1006F06FD /* HomeViewController.m */; };
		974C26B716F94BB1006F06FD /* HomeViewController.xib in Resources */ = {isa = PBXBuildFile; fileRef = 974C26B516F94BB1006F06FD /* HomeViewController.xib */; };
		974C26CA16F9538A006F06FD /* wff-navBar@2x.png in Resources */ = {isa = PBXBuildFile; fileRef = 974C26C816F9538A006F06FD /* wff-navBar@2x.png */; };
		974C26CB16F9538A006F06FD /* wff-navBar.png in Resources */ = {isa = PBXBuildFile; fileRef = 974C26C916F9538A006F06FD /* wff-navBar.png */; };
		974C26CF16F95538006F06FD /* OneDirection.ttf in Resources */ = {isa = PBXBuildFile; fileRef = 974C26CE16F95538006F06FD /* OneDirection.ttf */; };
		974C26D616F95863006F06FD /* schedule_icon@2x.png in Resources */ = {isa = PBXBuildFile; fileRef = 974C26D416F95863006F06FD /* schedule_icon@2x.png */; };
		974C26D716F95863006F06FD /* schedule_icon.png in Resources */ = {isa = PBXBuildFile; fileRef = 974C26D516F95863006F06FD /* schedule_icon.png */; };
		974C26DE16F95CD6006F06FD /* tickets_icon@2x.png in Resources */ = {isa = PBXBuildFile; fileRef = 974C26DC16F95CD6006F06FD /* tickets_icon@2x.png */; };
		974C26DF16F95CD6006F06FD /* tickets_icon.png in Resources */ = {isa = PBXBuildFile; fileRef = 974C26DD16F95CD6006F06FD /* tickets_icon.png */; };
		974C26E216F95F31006F06FD /* venues_icon.png in Resources */ = {isa = PBXBuildFile; fileRef = 974C26E016F95F31006F06FD /* venues_icon.png */; };
		974C26E316F95F31006F06FD /* venues_icon@2x.png in Resources */ = {isa = PBXBuildFile; fileRef = 974C26E116F95F31006F06FD /* venues_icon@2x.png */; };
		974C26E616F96117006F06FD /* directions_icon@2x.png in Resources */ = {isa = PBXBuildFile; fileRef = 974C26E416F96117006F06FD /* directions_icon@2x.png */; };
		974C26E716F96117006F06FD /* directions_icon.png in Resources */ = {isa = PBXBuildFile; fileRef = 974C26E516F96117006F06FD /* directions_icon.png */; };
		974C26FA16F9650C006F06FD /* favorites_icon@2x.png in Resources */ = {isa = PBXBuildFile; fileRef = 974C26F816F9650B006F06FD /* favorites_icon@2x.png */; };
		974C26FB16F9650C006F06FD /* favorites_icon.png in Resources */ = {isa = PBXBuildFile; fileRef = 974C26F916F9650B006F06FD /* favorites_icon.png */; };
		974C26FE16F96597006F06FD /* playing_icon@2x.png in Resources */ = {isa = PBXBuildFile; fileRef = 974C26FC16F96597006F06FD /* playing_icon@2x.png */; };
		974C26FF16F96597006F06FD /* playing_icon.png in Resources */ = {isa = PBXBuildFile; fileRef = 974C26FD16F96597006F06FD /* playing_icon.png */; };
		974C270116F9691E006F06FD /* Fishfingers.ttf in Resources */ = {isa = PBXBuildFile; fileRef = 974C270016F9691E006F06FD /* Fishfingers.ttf */; };
		974C270316F96AFF006F06FD /* TETRL___.TTF in Resources */ = {isa = PBXBuildFile; fileRef = 974C270216F96AFF006F06FD /* TETRL___.TTF */; };
		9776205E16FA715800B9F5B1 /* TETRB___.TTF in Resources */ = {isa = PBXBuildFile; fileRef = 9776205D16FA715800B9F5B1 /* TETRB___.TTF */; };
		97D17C7A16CED48D00D9D964 /* SponsersViewController.m in Sources */ = {isa = PBXBuildFile; fileRef = 97D17C7816CED48D00D9D964 /* SponsersViewController.m */; };
		97D17C7B16CED48D00D9D964 /* SponsersViewController.xib in Resources */ = {isa = PBXBuildFile; fileRef = 97D17C7916CED48D00D9D964 /* SponsersViewController.xib */; };
		97D17C7F16CED4A100D9D964 /* ContactViewController.m in Sources */ = {isa = PBXBuildFile; fileRef = 97D17C7D16CED4A100D9D964 /* ContactViewController.m */; };
		97D17C8016CED4A100D9D964 /* ContactViewController.xib in Resources */ = {isa = PBXBuildFile; fileRef = 97D17C7E16CED4A100D9D964 /* ContactViewController.xib */; };
		97D17C8416CED4AE00D9D964 /* MoreViewController.m in Sources */ = {isa = PBXBuildFile; fileRef = 97D17C8216CED4AE00D9D964 /* MoreViewController.m */; };
		97D17C8516CED4AE00D9D964 /* MoreViewController.xib in Resources */ = {isa = PBXBuildFile; fileRef = 97D17C8316CED4AE00D9D964 /* MoreViewController.xib */; };
		97D17C9916CEE01300D9D964 /* home_icon@2x.png in Resources */ = {isa = PBXBuildFile; fileRef = 97D17C9716CEE01300D9D964 /* home_icon@2x.png */; };
		97D17C9A16CEE01300D9D964 /* home_icon.png in Resources */ = {isa = PBXBuildFile; fileRef = 97D17C9816CEE01300D9D964 /* home_icon.png */; };
		97D17CAD16CEE4FF00D9D964 /* about_icon.png in Resources */ = {isa = PBXBuildFile; fileRef = 97D17CAB16CEE4FF00D9D964 /* about_icon.png */; };
		97D17CAE16CEE4FF00D9D964 /* about_icon@2x.png in Resources */ = {isa = PBXBuildFile; fileRef = 97D17CAC16CEE4FF00D9D964 /* about_icon@2x.png */; };
/* End PBXBuildFile section */

/* Begin PBXFileReference section */
		970993D016FA5A9D0026A8A5 /* AboutViewController.h */ = {isa = PBXFileReference; fileEncoding = 4; lastKnownFileType = sourcecode.c.h; path = AboutViewController.h; sourceTree = "<group>"; };
		970993D116FA5A9D0026A8A5 /* AboutViewController.m */ = {isa = PBXFileReference; fileEncoding = 4; lastKnownFileType = sourcecode.c.objc; path = AboutViewController.m; sourceTree = "<group>"; };
		970993D216FA5A9D0026A8A5 /* AboutViewController.xib */ = {isa = PBXFileReference; fileEncoding = 4; lastKnownFileType = file.xib; path = AboutViewController.xib; sourceTree = "<group>"; };
		970B2EA516A5FCD100607337 /* Films and Venues app.app */ = {isa = PBXFileReference; explicitFileType = wrapper.application; includeInIndex = 0; path = "Films and Venues app.app"; sourceTree = BUILT_PRODUCTS_DIR; };
		970B2EA916A5FCD100607337 /* UIKit.framework */ = {isa = PBXFileReference; lastKnownFileType = wrapper.framework; name = UIKit.framework; path = System/Library/Frameworks/UIKit.framework; sourceTree = SDKROOT; };
		970B2EAB16A5FCD100607337 /* Foundation.framework */ = {isa = PBXFileReference; lastKnownFileType = wrapper.framework; name = Foundation.framework; path = System/Library/Frameworks/Foundation.framework; sourceTree = SDKROOT; };
		970B2EAD16A5FCD100607337 /* CoreGraphics.framework */ = {isa = PBXFileReference; lastKnownFileType = wrapper.framework; name = CoreGraphics.framework; path = System/Library/Frameworks/CoreGraphics.framework; sourceTree = SDKROOT; };
		970B2EB116A5FCD100607337 /* Films and Venues app-Info.plist */ = {isa = PBXFileReference; lastKnownFileType = text.plist.xml; path = "Films and Venues app-Info.plist"; sourceTree = "<group>"; };
		970B2EB316A5FCD100607337 /* en */ = {isa = PBXFileReference; lastKnownFileType = text.plist.strings; name = en; path = en.lproj/InfoPlist.strings; sourceTree = "<group>"; };
		970B2EB516A5FCD100607337 /* main.m */ = {isa = PBXFileReference; lastKnownFileType = sourcecode.c.objc; path = main.m; sourceTree = "<group>"; };
		970B2EB716A5FCD100607337 /* Films and Venues app-Prefix.pch */ = {isa = PBXFileReference; lastKnownFileType = sourcecode.c.h; path = "Films and Venues app-Prefix.pch"; sourceTree = "<group>"; };
		970B2EB816A5FCD100607337 /* MainAppDelegate.h */ = {isa = PBXFileReference; lastKnownFileType = sourcecode.c.h; path = MainAppDelegate.h; sourceTree = "<group>"; };
		970B2EB916A5FCD100607337 /* MainAppDelegate.m */ = {isa = PBXFileReference; lastKnownFileType = sourcecode.c.objc; path = MainAppDelegate.m; sourceTree = "<group>"; };
		970B2EBB16A5FCD100607337 /* Default.png */ = {isa = PBXFileReference; lastKnownFileType = image.png; path = Default.png; sourceTree = "<group>"; };
		970B2EBD16A5FCD100607337 /* Default@2x.png */ = {isa = PBXFileReference; lastKnownFileType = image.png; path = "Default@2x.png"; sourceTree = "<group>"; };
		970B2EBF16A5FCD100607337 /* Default-568h@2x.png */ = {isa = PBXFileReference; lastKnownFileType = image.png; path = "Default-568h@2x.png"; sourceTree = "<group>"; };
		97209C5516FA6C3E003292C4 /* AdvisoryModalPanel.h */ = {isa = PBXFileReference; fileEncoding = 4; lastKnownFileType = sourcecode.c.h; path = AdvisoryModalPanel.h; sourceTree = "<group>"; };
		97209C5616FA6C3E003292C4 /* AdvisoryModalPanel.m */ = {isa = PBXFileReference; fileEncoding = 4; lastKnownFileType = sourcecode.c.objc; path = AdvisoryModalPanel.m; sourceTree = "<group>"; };
		97209C5816FA6C8F003292C4 /* UAModalPanel.h */ = {isa = PBXFileReference; fileEncoding = 4; lastKnownFileType = sourcecode.c.h; path = UAModalPanel.h; sourceTree = "<group>"; };
		97209C5916FA6C8F003292C4 /* UAModalPanel.m */ = {isa = PBXFileReference; fileEncoding = 4; lastKnownFileType = sourcecode.c.objc; path = UAModalPanel.m; sourceTree = "<group>"; };
		97209C5A16FA6C8F003292C4 /* UATitledModalPanel.h */ = {isa = PBXFileReference; fileEncoding = 4; lastKnownFileType = sourcecode.c.h; path = UATitledModalPanel.h; sourceTree = "<group>"; };
		97209C5B16FA6C8F003292C4 /* UATitledModalPanel.m */ = {isa = PBXFileReference; fileEncoding = 4; lastKnownFileType = sourcecode.c.objc; path = UATitledModalPanel.m; sourceTree = "<group>"; };
		97209C5E16FA6CA0003292C4 /* close.png */ = {isa = PBXFileReference; lastKnownFileType = image.png; path = close.png; sourceTree = "<group>"; };
		97209C5F16FA6CA0003292C4 /* close@2x.png */ = {isa = PBXFileReference; lastKnownFileType = image.png; path = "close@2x.png"; sourceTree = "<group>"; };
		97209C6016FA6CA0003292C4 /* modalButton.png */ = {isa = PBXFileReference; lastKnownFileType = image.png; path = modalButton.png; sourceTree = "<group>"; };
		97209C6116FA6CA0003292C4 /* modalButton@2x.png */ = {isa = PBXFileReference; lastKnownFileType = image.png; path = "modalButton@2x.png"; sourceTree = "<group>"; };
		97209C6216FA6CA0003292C4 /* modalButton-selected.png */ = {isa = PBXFileReference; lastKnownFileType = image.png; path = "modalButton-selected.png"; sourceTree = "<group>"; };
		97209C6316FA6CA0003292C4 /* modalButton-selected@2x.png */ = {isa = PBXFileReference; lastKnownFileType = image.png; path = "modalButton-selected@2x.png"; sourceTree = "<group>"; };
		97209C6A16FA6CB3003292C4 /* UIView+JMNoise.h */ = {isa = PBXFileReference; fileEncoding = 4; lastKnownFileType = sourcecode.c.h; path = "UIView+JMNoise.h"; sourceTree = "<group>"; };
		97209C6B16FA6CB3003292C4 /* UIView+JMNoise.m */ = {isa = PBXFileReference; fileEncoding = 4; lastKnownFileType = sourcecode.c.objc; path = "UIView+JMNoise.m"; sourceTree = "<group>"; };
		97209C6D16FA6CC5003292C4 /* UAGradientBackground.h */ = {isa = PBXFileReference; fileEncoding = 4; lastKnownFileType = sourcecode.c.h; path = UAGradientBackground.h; sourceTree = "<group>"; };
		97209C6E16FA6CC5003292C4 /* UAGradientBackground.m */ = {isa = PBXFileReference; fileEncoding = 4; lastKnownFileType = sourcecode.c.objc; path = UAGradientBackground.m; sourceTree = "<group>"; };
		97209C6F16FA6CC5003292C4 /* UANoisyGradientBackground.h */ = {isa = PBXFileReference; fileEncoding = 4; lastKnownFileType = sourcecode.c.h; path = UANoisyGradientBackground.h; sourceTree = "<group>"; };
		97209C7016FA6CC5003292C4 /* UANoisyGradientBackground.m */ = {isa = PBXFileReference; fileEncoding = 4; lastKnownFileType = sourcecode.c.objc; path = UANoisyGradientBackground.m; sourceTree = "<group>"; };
		97209C7116FA6CC6003292C4 /* UARoundedRectView.h */ = {isa = PBXFileReference; fileEncoding = 4; lastKnownFileType = sourcecode.c.h; path = UARoundedRectView.h; sourceTree = "<group>"; };
		97209C7216FA6CC6003292C4 /* UARoundedRectView.m */ = {isa = PBXFileReference; fileEncoding = 4; lastKnownFileType = sourcecode.c.objc; path = UARoundedRectView.m; sourceTree = "<group>"; };
		972F87A816D1F2EA0092E80D /* sponsers_icon.png */ = {isa = PBXFileReference; lastKnownFileType = image.png; path = sponsers_icon.png; sourceTree = "<group>"; };
		972F87A916D1F2EA0092E80D /* sponsers_icon@2x.png */ = {isa = PBXFileReference; lastKnownFileType = image.png; path = "sponsers_icon@2x.png"; sourceTree = "<group>"; };
		972F87AC16D1F3590092E80D /* contact_icon.png */ = {isa = PBXFileReference; lastKnownFileType = image.png; path = contact_icon.png; sourceTree = "<group>"; };
		972F87AD16D1F3590092E80D /* contact_icon@2x.png */ = {isa = PBXFileReference; lastKnownFileType = image.png; path = "contact_icon@2x.png"; sourceTree = "<group>"; };
		972F87B416D1F4C80092E80D /* more_icon.png */ = {isa = PBXFileReference; lastKnownFileType = image.png; path = more_icon.png; sourceTree = "<group>"; };
		972F87B516D1F4C80092E80D /* more_icon@2x.png */ = {isa = PBXFileReference; lastKnownFileType = image.png; path = "more_icon@2x.png"; sourceTree = "<group>"; };
		972F87BC16D1FC680092E80D /* iCarousel.h */ = {isa = PBXFileReference; fileEncoding = 4; lastKnownFileType = sourcecode.c.h; path = iCarousel.h; sourceTree = "<group>"; };
		972F87BD16D1FC680092E80D /* iCarousel.m */ = {isa = PBXFileReference; fileEncoding = 4; lastKnownFileType = sourcecode.c.objc; path = iCarousel.m; sourceTree = "<group>"; };
		972F87C316D1FEFD0092E80D /* QuartzCore.framework */ = {isa = PBXFileReference; lastKnownFileType = wrapper.framework; name = QuartzCore.framework; path = System/Library/Frameworks/QuartzCore.framework; sourceTree = SDKROOT; };
		972F87C516D202060092E80D /* page.png */ = {isa = PBXFileReference; lastKnownFileType = image.png; path = page.png; sourceTree = "<group>"; };
		972F87F316D2B5250092E80D /* photos_icon.png */ = {isa = PBXFileReference; lastKnownFileType = image.png; path = photos_icon.png; sourceTree = "<group>"; };
		972F87F416D2B5250092E80D /* photos_icon@2x.png */ = {isa = PBXFileReference; lastKnownFileType = image.png; path = "photos_icon@2x.png"; sourceTree = "<group>"; };
		972F87F716D2B6430092E80D /* website_icon@2x.png */ = {isa = PBXFileReference; lastKnownFileType = image.png; path = "website_icon@2x.png"; sourceTree = "<group>"; };
		972F87F816D2B6430092E80D /* website_icon.png */ = {isa = PBXFileReference; lastKnownFileType = image.png; path = website_icon.png; sourceTree = "<group>"; };
		972F87FB16D2B6D40092E80D /* volunteer_icon@2x.png */ = {isa = PBXFileReference; lastKnownFileType = image.png; path = "volunteer_icon@2x.png"; sourceTree = "<group>"; };
		972F87FC16D2B6D40092E80D /* volunteer_icon.png */ = {isa = PBXFileReference; lastKnownFileType = image.png; path = volunteer_icon.png; sourceTree = "<group>"; };
		972F87FF16D2B7570092E80D /* donate_icon.png */ = {isa = PBXFileReference; lastKnownFileType = image.png; path = donate_icon.png; sourceTree = "<group>"; };
		972F880016D2B7570092E80D /* donate_icon@2x.png */ = {isa = PBXFileReference; lastKnownFileType = image.png; path = "donate_icon@2x.png"; sourceTree = "<group>"; };
		972F880316D2B8910092E80D /* MessageUI.framework */ = {isa = PBXFileReference; lastKnownFileType = wrapper.framework; name = MessageUI.framework; path = System/Library/Frameworks/MessageUI.framework; sourceTree = SDKROOT; };
		972F880916D3103F0092E80D /* twitter_icon.png */ = {isa = PBXFileReference; lastKnownFileType = image.png; path = twitter_icon.png; sourceTree = "<group>"; };
		972F880A16D3103F0092E80D /* twitter_icon@2x.png */ = {isa = PBXFileReference; lastKnownFileType = image.png; path = "twitter_icon@2x.png"; sourceTree = "<group>"; };
		972F880D16D315580092E80D /* facebook_icon@2x.png */ = {isa = PBXFileReference; lastKnownFileType = image.png; path = "facebook_icon@2x.png"; sourceTree = "<group>"; };
		972F880E16D315580092E80D /* facebook_icon.png */ = {isa = PBXFileReference; lastKnownFileType = image.png; path = facebook_icon.png; sourceTree = "<group>"; };
		972F882116D31E040092E80D /* VenuesViewController.h */ = {isa = PBXFileReference; fileEncoding = 4; lastKnownFileType = sourcecode.c.h; path = VenuesViewController.h; sourceTree = "<group>"; };
		972F882216D31E040092E80D /* VenuesViewController.m */ = {isa = PBXFileReference; fileEncoding = 4; lastKnownFileType = sourcecode.c.objc; path = VenuesViewController.m; sourceTree = "<group>"; };
		972F882316D31E040092E80D /* VenuesViewController.xib */ = {isa = PBXFileReference; fileEncoding = 4; lastKnownFileType = file.xib; path = VenuesViewController.xib; sourceTree = "<group>"; };
		974C26AF16F9497D006F06FD /* background@2x.png */ = {isa = PBXFileReference; lastKnownFileType = image.png; path = "background@2x.png"; sourceTree = "<group>"; };
		974C26B016F9497D006F06FD /* background.png */ = {isa = PBXFileReference; lastKnownFileType = image.png; path = background.png; sourceTree = "<group>"; };
		974C26B316F94BB1006F06FD /* HomeViewController.h */ = {isa = PBXFileReference; fileEncoding = 4; lastKnownFileType = sourcecode.c.h; path = HomeViewController.h; sourceTree = "<group>"; };
		974C26B416F94BB1006F06FD /* HomeViewController.m */ = {isa = PBXFileReference; fileEncoding = 4; lastKnownFileType = sourcecode.c.objc; path = HomeViewController.m; sourceTree = "<group>"; };
		974C26B516F94BB1006F06FD /* HomeViewController.xib */ = {isa = PBXFileReference; fileEncoding = 4; lastKnownFileType = file.xib; path = HomeViewController.xib; sourceTree = "<group>"; };
		974C26C816F9538A006F06FD /* wff-navBar@2x.png */ = {isa = PBXFileReference; lastKnownFileType = image.png; path = "wff-navBar@2x.png"; sourceTree = "<group>"; };
		974C26C916F9538A006F06FD /* wff-navBar.png */ = {isa = PBXFileReference; lastKnownFileType = image.png; path = "wff-navBar.png"; sourceTree = "<group>"; };
		974C26CE16F95538006F06FD /* OneDirection.ttf */ = {isa = PBXFileReference; lastKnownFileType = file; path = OneDirection.ttf; sourceTree = "<group>"; };
		974C26D416F95863006F06FD /* schedule_icon@2x.png */ = {isa = PBXFileReference; lastKnownFileType = image.png; path = "schedule_icon@2x.png"; sourceTree = "<group>"; };
		974C26D516F95863006F06FD /* schedule_icon.png */ = {isa = PBXFileReference; lastKnownFileType = image.png; path = schedule_icon.png; sourceTree = "<group>"; };
		974C26DC16F95CD6006F06FD /* tickets_icon@2x.png */ = {isa = PBXFileReference; lastKnownFileType = image.png; path = "tickets_icon@2x.png"; sourceTree = "<group>"; };
		974C26DD16F95CD6006F06FD /* tickets_icon.png */ = {isa = PBXFileReference; lastKnownFileType = image.png; path = tickets_icon.png; sourceTree = "<group>"; };
		974C26E016F95F31006F06FD /* venues_icon.png */ = {isa = PBXFileReference; lastKnownFileType = image.png; path = venues_icon.png; sourceTree = "<group>"; };
		974C26E116F95F31006F06FD /* venues_icon@2x.png */ = {isa = PBXFileReference; lastKnownFileType = image.png; path = "venues_icon@2x.png"; sourceTree = "<group>"; };
		974C26E416F96117006F06FD /* directions_icon@2x.png */ = {isa = PBXFileReference; lastKnownFileType = image.png; path = "directions_icon@2x.png"; sourceTree = "<group>"; };
		974C26E516F96117006F06FD /* directions_icon.png */ = {isa = PBXFileReference; lastKnownFileType = image.png; path = directions_icon.png; sourceTree = "<group>"; };
		974C26F816F9650B006F06FD /* favorites_icon@2x.png */ = {isa = PBXFileReference; lastKnownFileType = image.png; path = "favorites_icon@2x.png"; sourceTree = "<group>"; };
		974C26F916F9650B006F06FD /* favorites_icon.png */ = {isa = PBXFileReference; lastKnownFileType = image.png; path = favorites_icon.png; sourceTree = "<group>"; };
		974C26FC16F96597006F06FD /* playing_icon@2x.png */ = {isa = PBXFileReference; lastKnownFileType = image.png; path = "playing_icon@2x.png"; sourceTree = "<group>"; };
		974C26FD16F96597006F06FD /* playing_icon.png */ = {isa = PBXFileReference; lastKnownFileType = image.png; path = playing_icon.png; sourceTree = "<group>"; };
		974C270016F9691E006F06FD /* Fishfingers.ttf */ = {isa = PBXFileReference; lastKnownFileType = file; path = Fishfingers.ttf; sourceTree = "<group>"; };
		974C270216F96AFF006F06FD /* TETRL___.TTF */ = {isa = PBXFileReference; lastKnownFileType = file; path = "TETRL___.TTF"; sourceTree = "<group>"; };
		9776205D16FA715800B9F5B1 /* TETRB___.TTF */ = {isa = PBXFileReference; lastKnownFileType = file; path = "TETRB___.TTF"; sourceTree = "<group>"; };
		97D17C7716CED48D00D9D964 /* SponsersViewController.h */ = {isa = PBXFileReference; fileEncoding = 4; lastKnownFileType = sourcecode.c.h; path = SponsersViewController.h; sourceTree = "<group>"; };
		97D17C7816CED48D00D9D964 /* SponsersViewController.m */ = {isa = PBXFileReference; fileEncoding = 4; lastKnownFileType = sourcecode.c.objc; path = SponsersViewController.m; sourceTree = "<group>"; };
		97D17C7916CED48D00D9D964 /* SponsersViewController.xib */ = {isa = PBXFileReference; fileEncoding = 4; lastKnownFileType = file.xib; path = SponsersViewController.xib; sourceTree = "<group>"; };
		97D17C7C16CED4A100D9D964 /* ContactViewController.h */ = {isa = PBXFileReference; fileEncoding = 4; lastKnownFileType = sourcecode.c.h; path = ContactViewController.h; sourceTree = "<group>"; };
		97D17C7D16CED4A100D9D964 /* ContactViewController.m */ = {isa = PBXFileReference; fileEncoding = 4; lastKnownFileType = sourcecode.c.objc; path = ContactViewController.m; sourceTree = "<group>"; };
		97D17C7E16CED4A100D9D964 /* ContactViewController.xib */ = {isa = PBXFileReference; fileEncoding = 4; lastKnownFileType = file.xib; path = ContactViewController.xib; sourceTree = "<group>"; };
		97D17C8116CED4AE00D9D964 /* MoreViewController.h */ = {isa = PBXFileReference; fileEncoding = 4; lastKnownFileType = sourcecode.c.h; path = MoreViewController.h; sourceTree = "<group>"; };
		97D17C8216CED4AE00D9D964 /* MoreViewController.m */ = {isa = PBXFileReference; fileEncoding = 4; lastKnownFileType = sourcecode.c.objc; path = MoreViewController.m; sourceTree = "<group>"; };
		97D17C8316CED4AE00D9D964 /* MoreViewController.xib */ = {isa = PBXFileReference; fileEncoding = 4; lastKnownFileType = file.xib; path = MoreViewController.xib; sourceTree = "<group>"; };
		97D17C9716CEE01300D9D964 /* home_icon@2x.png */ = {isa = PBXFileReference; lastKnownFileType = image.png; path = "home_icon@2x.png"; sourceTree = "<group>"; };
		97D17C9816CEE01300D9D964 /* home_icon.png */ = {isa = PBXFileReference; lastKnownFileType = image.png; path = home_icon.png; sourceTree = "<group>"; };
		97D17CAB16CEE4FF00D9D964 /* about_icon.png */ = {isa = PBXFileReference; lastKnownFileType = image.png; path = about_icon.png; sourceTree = "<group>"; };
		97D17CAC16CEE4FF00D9D964 /* about_icon@2x.png */ = {isa = PBXFileReference; lastKnownFileType = image.png; path = "about_icon@2x.png"; sourceTree = "<group>"; };
/* End PBXFileReference section */

/* Begin PBXFrameworksBuildPhase section */
		970B2EA216A5FCD100607337 /* Frameworks */ = {
			isa = PBXFrameworksBuildPhase;
			buildActionMask = 2147483647;
			files = (
				972F880416D2B8910092E80D /* MessageUI.framework in Frameworks */,
				972F87C416D1FEFD0092E80D /* QuartzCore.framework in Frameworks */,
				970B2EAA16A5FCD100607337 /* UIKit.framework in Frameworks */,
				970B2EAC16A5FCD100607337 /* Foundation.framework in Frameworks */,
				970B2EAE16A5FCD100607337 /* CoreGraphics.framework in Frameworks */,
			);
			runOnlyForDeploymentPostprocessing = 0;
		};
/* End PBXFrameworksBuildPhase section */

/* Begin PBXGroup section */
		970B2E9A16A5FCD100607337 = {
			isa = PBXGroup;
			children = (
				972F880316D2B8910092E80D /* MessageUI.framework */,
				972F87C316D1FEFD0092E80D /* QuartzCore.framework */,
				970B2EAF16A5FCD100607337 /* Films and Venues app */,
				970B2EA816A5FCD100607337 /* Frameworks */,
				970B2EA616A5FCD100607337 /* Products */,
			);
			sourceTree = "<group>";
		};
		970B2EA616A5FCD100607337 /* Products */ = {
			isa = PBXGroup;
			children = (
				970B2EA516A5FCD100607337 /* Films and Venues app.app */,
			);
			name = Products;
			sourceTree = "<group>";
		};
		970B2EA816A5FCD100607337 /* Frameworks */ = {
			isa = PBXGroup;
			children = (
				970B2EA916A5FCD100607337 /* UIKit.framework */,
				970B2EAB16A5FCD100607337 /* Foundation.framework */,
				970B2EAD16A5FCD100607337 /* CoreGraphics.framework */,
			);
			name = Frameworks;
			sourceTree = "<group>";
		};
		970B2EAF16A5FCD100607337 /* Films and Venues app */ = {
			isa = PBXGroup;
			children = (
				97209C7616FA6D5B003292C4 /* UAModalPanel */,
				97209C5516FA6C3E003292C4 /* AdvisoryModalPanel.h */,
				97209C5616FA6C3E003292C4 /* AdvisoryModalPanel.m */,
				970993D016FA5A9D0026A8A5 /* AboutViewController.h */,
				970993D116FA5A9D0026A8A5 /* AboutViewController.m */,
				970993D216FA5A9D0026A8A5 /* AboutViewController.xib */,
				974C26B316F94BB1006F06FD /* HomeViewController.h */,
				974C26B416F94BB1006F06FD /* HomeViewController.m */,
				974C26B516F94BB1006F06FD /* HomeViewController.xib */,
				972F87BC16D1FC680092E80D /* iCarousel.h */,
				972F87BD16D1FC680092E80D /* iCarousel.m */,
				970B2EB816A5FCD100607337 /* MainAppDelegate.h */,
				970B2EB916A5FCD100607337 /* MainAppDelegate.m */,
				972F882116D31E040092E80D /* VenuesViewController.h */,
				972F882216D31E040092E80D /* VenuesViewController.m */,
				972F882316D31E040092E80D /* VenuesViewController.xib */,
				97D17C7716CED48D00D9D964 /* SponsersViewController.h */,
				97D17C7816CED48D00D9D964 /* SponsersViewController.m */,
				97D17C7916CED48D00D9D964 /* SponsersViewController.xib */,
				97D17C7C16CED4A100D9D964 /* ContactViewController.h */,
				97D17C7D16CED4A100D9D964 /* ContactViewController.m */,
				97D17C7E16CED4A100D9D964 /* ContactViewController.xib */,
				97D17C8116CED4AE00D9D964 /* MoreViewController.h */,
				97D17C8216CED4AE00D9D964 /* MoreViewController.m */,
				97D17C8316CED4AE00D9D964 /* MoreViewController.xib */,
				970B2EB016A5FCD100607337 /* Supporting Files */,
			);
			path = "Films and Venues app";
			sourceTree = "<group>";
		};
		970B2EB016A5FCD100607337 /* Supporting Files */ = {
			isa = PBXGroup;
			children = (
				9776205D16FA715800B9F5B1 /* TETRB___.TTF */,
				97209C5E16FA6CA0003292C4 /* close.png */,
				97209C5F16FA6CA0003292C4 /* close@2x.png */,
				97209C6016FA6CA0003292C4 /* modalButton.png */,
				97209C6116FA6CA0003292C4 /* modalButton@2x.png */,
				97209C6216FA6CA0003292C4 /* modalButton-selected.png */,
				97209C6316FA6CA0003292C4 /* modalButton-selected@2x.png */,
				974C270216F96AFF006F06FD /* TETRL___.TTF */,
				974C270016F9691E006F06FD /* Fishfingers.ttf */,
				974C26FC16F96597006F06FD /* playing_icon@2x.png */,
				974C26FD16F96597006F06FD /* playing_icon.png */,
				974C26F816F9650B006F06FD /* favorites_icon@2x.png */,
				974C26F916F9650B006F06FD /* favorites_icon.png */,
				974C26E416F96117006F06FD /* directions_icon@2x.png */,
				974C26E516F96117006F06FD /* directions_icon.png */,
				974C26E016F95F31006F06FD /* venues_icon.png */,
				974C26E116F95F31006F06FD /* venues_icon@2x.png */,
				974C26DC16F95CD6006F06FD /* tickets_icon@2x.png */,
				974C26DD16F95CD6006F06FD /* tickets_icon.png */,
				974C26D416F95863006F06FD /* schedule_icon@2x.png */,
				974C26D516F95863006F06FD /* schedule_icon.png */,
				974C26CE16F95538006F06FD /* OneDirection.ttf */,
				974C26C816F9538A006F06FD /* wff-navBar@2x.png */,
				974C26C916F9538A006F06FD /* wff-navBar.png */,
				974C26AF16F9497D006F06FD /* background@2x.png */,
				974C26B016F9497D006F06FD /* background.png */,
				972F880D16D315580092E80D /* facebook_icon@2x.png */,
				972F880E16D315580092E80D /* facebook_icon.png */,
				972F880916D3103F0092E80D /* twitter_icon.png */,
				972F880A16D3103F0092E80D /* twitter_icon@2x.png */,
				972F87FF16D2B7570092E80D /* donate_icon.png */,
				972F880016D2B7570092E80D /* donate_icon@2x.png */,
				972F87FB16D2B6D40092E80D /* volunteer_icon@2x.png */,
				972F87FC16D2B6D40092E80D /* volunteer_icon.png */,
				972F87F716D2B6430092E80D /* website_icon@2x.png */,
				972F87F816D2B6430092E80D /* website_icon.png */,
				972F87F316D2B5250092E80D /* photos_icon.png */,
				972F87F416D2B5250092E80D /* photos_icon@2x.png */,
				972F87C516D202060092E80D /* page.png */,
				972F87B416D1F4C80092E80D /* more_icon.png */,
				972F87B516D1F4C80092E80D /* more_icon@2x.png */,
				972F87AC16D1F3590092E80D /* contact_icon.png */,
				972F87AD16D1F3590092E80D /* contact_icon@2x.png */,
				972F87A816D1F2EA0092E80D /* sponsers_icon.png */,
				972F87A916D1F2EA0092E80D /* sponsers_icon@2x.png */,
				97D17CAB16CEE4FF00D9D964 /* about_icon.png */,
				97D17CAC16CEE4FF00D9D964 /* about_icon@2x.png */,
				97D17C9716CEE01300D9D964 /* home_icon@2x.png */,
				97D17C9816CEE01300D9D964 /* home_icon.png */,
				970B2EB116A5FCD100607337 /* Films and Venues app-Info.plist */,
				970B2EB216A5FCD100607337 /* InfoPlist.strings */,
				970B2EB516A5FCD100607337 /* main.m */,
				970B2EB716A5FCD100607337 /* Films and Venues app-Prefix.pch */,
				970B2EBB16A5FCD100607337 /* Default.png */,
				970B2EBD16A5FCD100607337 /* Default@2x.png */,
				970B2EBF16A5FCD100607337 /* Default-568h@2x.png */,
			);
			name = "Supporting Files";
			sourceTree = "<group>";
		};
		97209C7616FA6D5B003292C4 /* UAModalPanel */ = {
			isa = PBXGroup;
			children = (
				97209C6D16FA6CC5003292C4 /* UAGradientBackground.h */,
				97209C6E16FA6CC5003292C4 /* UAGradientBackground.m */,
				97209C6F16FA6CC5003292C4 /* UANoisyGradientBackground.h */,
				97209C7016FA6CC5003292C4 /* UANoisyGradientBackground.m */,
				97209C7116FA6CC6003292C4 /* UARoundedRectView.h */,
				97209C7216FA6CC6003292C4 /* UARoundedRectView.m */,
				97209C6A16FA6CB3003292C4 /* UIView+JMNoise.h */,
				97209C6B16FA6CB3003292C4 /* UIView+JMNoise.m */,
				97209C5816FA6C8F003292C4 /* UAModalPanel.h */,
				97209C5916FA6C8F003292C4 /* UAModalPanel.m */,
				97209C5A16FA6C8F003292C4 /* UATitledModalPanel.h */,
				97209C5B16FA6C8F003292C4 /* UATitledModalPanel.m */,
			);
			name = UAModalPanel;
			sourceTree = "<group>";
		};
/* End PBXGroup section */

/* Begin PBXNativeTarget section */
		970B2EA416A5FCD100607337 /* Films and Venues app */ = {
			isa = PBXNativeTarget;
			buildConfigurationList = 970B2EC916A5FCD100607337 /* Build configuration list for PBXNativeTarget "Films and Venues app" */;
			buildPhases = (
				970B2EA116A5FCD100607337 /* Sources */,
				970B2EA216A5FCD100607337 /* Frameworks */,
				970B2EA316A5FCD100607337 /* Resources */,
			);
			buildRules = (
			);
			dependencies = (
			);
			name = "Films and Venues app";
			productName = "Films and Venues app";
			productReference = 970B2EA516A5FCD100607337 /* Films and Venues app.app */;
			productType = "com.apple.product-type.application";
		};
/* End PBXNativeTarget section */

/* Begin PBXProject section */
		970B2E9C16A5FCD100607337 /* Project object */ = {
			isa = PBXProject;
			attributes = {
				CLASSPREFIX = Main;
				LastUpgradeCheck = 0450;
				ORGANIZATIONNAME = "Jordan Carney";
			};
			buildConfigurationList = 970B2E9F16A5FCD100607337 /* Build configuration list for PBXProject "Films and Venues app" */;
			compatibilityVersion = "Xcode 3.2";
			developmentRegion = English;
			hasScannedForEncodings = 0;
			knownRegions = (
				en,
			);
			mainGroup = 970B2E9A16A5FCD100607337;
			productRefGroup = 970B2EA616A5FCD100607337 /* Products */;
			projectDirPath = "";
			projectRoot = "";
			targets = (
				970B2EA416A5FCD100607337 /* Films and Venues app */,
			);
		};
/* End PBXProject section */

/* Begin PBXResourcesBuildPhase section */
		970B2EA316A5FCD100607337 /* Resources */ = {
			isa = PBXResourcesBuildPhase;
			buildActionMask = 2147483647;
			files = (
				970B2EB416A5FCD100607337 /* InfoPlist.strings in Resources */,
				970B2EBC16A5FCD100607337 /* Default.png in Resources */,
				970B2EBE16A5FCD100607337 /* Default@2x.png in Resources */,
				970B2EC016A5FCD100607337 /* Default-568h@2x.png in Resources */,
				97D17C7B16CED48D00D9D964 /* SponsersViewController.xib in Resources */,
				97D17C8016CED4A100D9D964 /* ContactViewController.xib in Resources */,
				97D17C8516CED4AE00D9D964 /* MoreViewController.xib in Resources */,
				97D17C9916CEE01300D9D964 /* home_icon@2x.png in Resources */,
				97D17C9A16CEE01300D9D964 /* home_icon.png in Resources */,
				97D17CAD16CEE4FF00D9D964 /* about_icon.png in Resources */,
				97D17CAE16CEE4FF00D9D964 /* about_icon@2x.png in Resources */,
				972F87AA16D1F2EA0092E80D /* sponsers_icon.png in Resources */,
				972F87AB16D1F2EA0092E80D /* sponsers_icon@2x.png in Resources */,
				972F87AE16D1F3590092E80D /* contact_icon.png in Resources */,
				972F87AF16D1F3590092E80D /* contact_icon@2x.png in Resources */,
				972F87B616D1F4C80092E80D /* more_icon.png in Resources */,
				972F87B716D1F4C80092E80D /* more_icon@2x.png in Resources */,
				972F87C616D202060092E80D /* page.png in Resources */,
				972F87F516D2B5250092E80D /* photos_icon.png in Resources */,
				972F87F616D2B5250092E80D /* photos_icon@2x.png in Resources */,
				972F87F916D2B6430092E80D /* website_icon@2x.png in Resources */,
				972F87FA16D2B6430092E80D /* website_icon.png in Resources */,
				972F87FD16D2B6D40092E80D /* volunteer_icon@2x.png in Resources */,
				972F87FE16D2B6D40092E80D /* volunteer_icon.png in Resources */,
				972F880116D2B7570092E80D /* donate_icon.png in Resources */,
				972F880216D2B7570092E80D /* donate_icon@2x.png in Resources */,
				972F880B16D3103F0092E80D /* twitter_icon.png in Resources */,
				972F880C16D3103F0092E80D /* twitter_icon@2x.png in Resources */,
				972F880F16D315580092E80D /* facebook_icon@2x.png in Resources */,
				972F881016D315580092E80D /* facebook_icon.png in Resources */,
				972F882516D31E050092E80D /* VenuesViewController.xib in Resources */,
				974C26B116F9497D006F06FD /* background@2x.png in Resources */,
				974C26B216F9497D006F06FD /* background.png in Resources */,
				974C26B716F94BB1006F06FD /* HomeViewController.xib in Resources */,
				974C26CA16F9538A006F06FD /* wff-navBar@2x.png in Resources */,
				974C26CB16F9538A006F06FD /* wff-navBar.png in Resources */,
				974C26CF16F95538006F06FD /* OneDirection.ttf in Resources */,
				974C26D616F95863006F06FD /* schedule_icon@2x.png in Resources */,
				974C26D716F95863006F06FD /* schedule_icon.png in Resources */,
				974C26DE16F95CD6006F06FD /* tickets_icon@2x.png in Resources */,
				974C26DF16F95CD6006F06FD /* tickets_icon.png in Resources */,
				974C26E216F95F31006F06FD /* venues_icon.png in Resources */,
				974C26E316F95F31006F06FD /* venues_icon@2x.png in Resources */,
				974C26E616F96117006F06FD /* directions_icon@2x.png in Resources */,
				974C26E716F96117006F06FD /* directions_icon.png in Resources */,
				974C26FA16F9650C006F06FD /* favorites_icon@2x.png in Resources */,
				974C26FB16F9650C006F06FD /* favorites_icon.png in Resources */,
				974C26FE16F96597006F06FD /* playing_icon@2x.png in Resources */,
				974C26FF16F96597006F06FD /* playing_icon.png in Resources */,
				974C270116F9691E006F06FD /* Fishfingers.ttf in Resources */,
				974C270316F96AFF006F06FD /* TETRL___.TTF in Resources */,
				970993D416FA5A9D0026A8A5 /* AboutViewController.xib in Resources */,
				97209C6416FA6CA0003292C4 /* close.png in Resources */,
				97209C6516FA6CA0003292C4 /* close@2x.png in Resources */,
				97209C6616FA6CA0003292C4 /* modalButton.png in Resources */,
				97209C6716FA6CA0003292C4 /* modalButton@2x.png in Resources */,
				97209C6816FA6CA0003292C4 /* modalButton-selected.png in Resources */,
				97209C6916FA6CA0003292C4 /* modalButton-selected@2x.png in Resources */,
				9776205E16FA715800B9F5B1 /* TETRB___.TTF in Resources */,
			);
			runOnlyForDeploymentPostprocessing = 0;
		};
/* End PBXResourcesBuildPhase section */

/* Begin PBXSourcesBuildPhase section */
		970B2EA116A5FCD100607337 /* Sources */ = {
			isa = PBXSourcesBuildPhase;
			buildActionMask = 2147483647;
			files = (
				970B2EB616A5FCD100607337 /* main.m in Sources */,
				970B2EBA16A5FCD100607337 /* MainAppDelegate.m in Sources */,
				97D17C7A16CED48D00D9D964 /* SponsersViewController.m in Sources */,
				97D17C7F16CED4A100D9D964 /* ContactViewController.m in Sources */,
				97D17C8416CED4AE00D9D964 /* MoreViewController.m in Sources */,
				972F87BE16D1FC680092E80D /* iCarousel.m in Sources */,
				972F882416D31E050092E80D /* VenuesViewController.m in Sources */,
				974C26B616F94BB1006F06FD /* HomeViewController.m in Sources */,
				970993D316FA5A9D0026A8A5 /* AboutViewController.m in Sources */,
				97209C5716FA6C3E003292C4 /* AdvisoryModalPanel.m in Sources */,
				97209C5C16FA6C8F003292C4 /* UAModalPanel.m in Sources */,
				97209C5D16FA6C8F003292C4 /* UATitledModalPanel.m in Sources */,
				97209C6C16FA6CB3003292C4 /* UIView+JMNoise.m in Sources */,
				97209C7316FA6CC6003292C4 /* UAGradientBackground.m in Sources */,
				97209C7416FA6CC6003292C4 /* UANoisyGradientBackground.m in Sources */,
				97209C7516FA6CC6003292C4 /* UARoundedRectView.m in Sources */,
			);
			runOnlyForDeploymentPostprocessing = 0;
		};
/* End PBXSourcesBuildPhase section */

/* Begin PBXVariantGroup section */
		970B2EB216A5FCD100607337 /* InfoPlist.strings */ = {
			isa = PBXVariantGroup;
			children = (
				970B2EB316A5FCD100607337 /* en */,
			);
			name = InfoPlist.strings;
			sourceTree = "<group>";
		};
/* End PBXVariantGroup section */

/* Begin XCBuildConfiguration section */
		970B2EC716A5FCD100607337 /* Debug */ = {
			isa = XCBuildConfiguration;
			buildSettings = {
				ALWAYS_SEARCH_USER_PATHS = NO;
				CLANG_CXX_LANGUAGE_STANDARD = "gnu++0x";
				CLANG_CXX_LIBRARY = "libc++";
				CLANG_ENABLE_OBJC_ARC = YES;
				CLANG_WARN_EMPTY_BODY = YES;
				CLANG_WARN__DUPLICATE_METHOD_MATCH = YES;
				"CODE_SIGN_IDENTITY[sdk=iphoneos*]" = "iPhone Developer";
				COPY_PHASE_STRIP = NO;
				GCC_C_LANGUAGE_STANDARD = gnu99;
				GCC_DYNAMIC_NO_PIC = NO;
				GCC_OPTIMIZATION_LEVEL = 0;
				GCC_PREPROCESSOR_DEFINITIONS = (
					"DEBUG=1",
					"$(inherited)",
				);
				GCC_SYMBOLS_PRIVATE_EXTERN = NO;
				GCC_WARN_ABOUT_RETURN_TYPE = YES;
				GCC_WARN_UNINITIALIZED_AUTOS = YES;
				GCC_WARN_UNUSED_VARIABLE = YES;
				IPHONEOS_DEPLOYMENT_TARGET = 6.0;
				ONLY_ACTIVE_ARCH = YES;
				SDKROOT = iphoneos;
			};
			name = Debug;
		};
		970B2EC816A5FCD100607337 /* Release */ = {
			isa = XCBuildConfiguration;
			buildSettings = {
				ALWAYS_SEARCH_USER_PATHS = NO;
				CLANG_CXX_LANGUAGE_STANDARD = "gnu++0x";
				CLANG_CXX_LIBRARY = "libc++";
				CLANG_ENABLE_OBJC_ARC = YES;
				CLANG_WARN_EMPTY_BODY = YES;
				CLANG_WARN__DUPLICATE_METHOD_MATCH = YES;
				"CODE_SIGN_IDENTITY[sdk=iphoneos*]" = "iPhone Developer";
				COPY_PHASE_STRIP = YES;
				GCC_C_LANGUAGE_STANDARD = gnu99;
				GCC_WARN_ABOUT_RETURN_TYPE = YES;
				GCC_WARN_UNINITIALIZED_AUTOS = YES;
				GCC_WARN_UNUSED_VARIABLE = YES;
				IPHONEOS_DEPLOYMENT_TARGET = 6.0;
				OTHER_CFLAGS = "-DNS_BLOCK_ASSERTIONS=1";
				SDKROOT = iphoneos;
				VALIDATE_PRODUCT = YES;
			};
			name = Release;
		};
		970B2ECA16A5FCD100607337 /* Debug */ = {
			isa = XCBuildConfiguration;
			buildSettings = {
				GCC_PRECOMPILE_PREFIX_HEADER = YES;
				GCC_PREFIX_HEADER = "Films and Venues app/Films and Venues app-Prefix.pch";
				INFOPLIST_FILE = "Films and Venues app/Films and Venues app-Info.plist";
				PRODUCT_NAME = "$(TARGET_NAME)";
				WRAPPER_EXTENSION = app;
			};
			name = Debug;
		};
		970B2ECB16A5FCD100607337 /* Release */ = {
			isa = XCBuildConfiguration;
			buildSettings = {
				GCC_PRECOMPILE_PREFIX_HEADER = YES;
				GCC_PREFIX_HEADER = "Films and Venues app/Films and Venues app-Prefix.pch";
				INFOPLIST_FILE = "Films and Venues app/Films and Venues app-Info.plist";
				PRODUCT_NAME = "$(TARGET_NAME)";
				WRAPPER_EXTENSION = app;
			};
			name = Release;
		};
/* End XCBuildConfiguration section */

/* Begin XCConfigurationList section */
		970B2E9F16A5FCD100607337 /* Build configuration list for PBXProject "Films and Venues app" */ = {
			isa = XCConfigurationList;
			buildConfigurations = (
				970B2EC716A5FCD100607337 /* Debug */,
				970B2EC816A5FCD100607337 /* Release */,
			);
			defaultConfigurationIsVisible = 0;
			defaultConfigurationName = Release;
		};
		970B2EC916A5FCD100607337 /* Build configuration list for PBXNativeTarget "Films and Venues app" */ = {
			isa = XCConfigurationList;
			buildConfigurations = (
				970B2ECA16A5FCD100607337 /* Debug */,
				970B2ECB16A5FCD100607337 /* Release */,
			);
			defaultConfigurationIsVisible = 0;
			defaultConfigurationName = Release;
		};
/* End XCConfigurationList section */
	};
	rootObject = 970B2E9C16A5FCD100607337 /* Project object */;
}
